{
  "nodes": {
    "flake-utils": {
      "locked": {
        "lastModified": 1620759905,
        "narHash": "sha256-WiyWawrgmyN0EdmiHyG2V+fqReiVi8bM9cRdMaKQOFg=",
        "owner": "numtide",
        "repo": "flake-utils",
        "rev": "b543720b25df6ffdfcf9227afafc5b8c1fabfae8",
        "type": "github"
      },
      "original": {
        "owner": "numtide",
        "repo": "flake-utils",
        "type": "github"
      }
    },
    "mysql-src": {
      "flake": false,
      "locked": {
        "lastModified": 1619129381,
        "narHash": "sha256-6dy84bJGsNZSna71UXZwpF0+Nwpy8QsKqzCwOc2z/vA=",
        "ref": "refs/tags/percona-202102",
        "rev": "d9a95b38d9f661861827dabae2266d78cd563af2",
        "revCount": 158557,
        "submodules": true,
        "type": "git",
        "url": "https://github.com/facebook/mysql-5.6"
      },
      "original": {
        "ref": "refs/tags/percona-202102",
        "submodules": true,
        "type": "git",
        "url": "https://github.com/facebook/mysql-5.6"
      }
    },
    "nixpkgs": {
      "locked": {
        "lastModified": 1622059058,
        "narHash": "sha256-t1/ZMtyxClVSfcV4Pt5C1YpkeJ/UwFF3oitLD7Ch/UA=",
        "owner": "NixOS",
        "repo": "nixpkgs",
        "rev": "84aa23742f6c72501f9cc209f29c438766f5352d",
        "type": "github"
      },
      "original": {
        "owner": "NixOS",
        "ref": "nixpkgs-unstable",
        "repo": "nixpkgs",
        "type": "github"
      }
    },
    "rocksdb-src": {
      "flake": false,
      "locked": {
        "lastModified": 1616997968,
        "narHash": "sha256-cww5yG0jzWEa9itsqz0b5IcIs/DbvqK+1babnBUSuGA=",
        "owner": "facebook",
        "repo": "rocksdb",
        "rev": "0f8c041ea7bb458caa5ec0dbeef9fa42d0b97482",
        "type": "github"
      },
      "original": {
        "owner": "facebook",
        "repo": "rocksdb",
        "rev": "0f8c041ea7bb458caa5ec0dbeef9fa42d0b97482",
        "type": "github"
      }
    },
    "root": {
      "inputs": {
        "flake-utils": "flake-utils",
        "mysql-src": "mysql-src",
        "nixpkgs": "nixpkgs",
        "rocksdb-src": "rocksdb-src"
      }
    }
  },
  "root": "root",
  "version": 7
}
